
Microsoft Visual Studio Solution File, Format Version 12.00
# Visual Studio Version 17
VisualStudioVersion = 17.3.32825.248
MinimumVisualStudioVersion = 10.0.40219.1
Project("{FAE04EC0-301F-11D3-BF4B-00C04F79EFBC}") = "CV_Project1", "CV_Project1\CV_Project1.csproj", "{43D0C7CC-229C-4562-AE75-94E18C4BD224}"
EndProject
Global
	GlobalSection(SolutionConfigurationPlatforms) = preSolution
		Debug|Any CPU = Debug|Any CPU
		Release|Any CPU = Release|Any CPU
	EndGlobalSection
	GlobalSection(ProjectConfigurationPlatforms) = postSolution
		{43D0C7CC-229C-4562-AE75-94E18C4BD224}.Debug|Any CPU.ActiveCfg = Debug|Any CPU
		{43D0C7CC-229C-4562-AE75-94E18C4BD224}.Debug|Any CPU.Build.0 = Debug|Any CPU
		{43D0C7CC-229C-4562-AE75-94E18C4BD224}.Release|Any CPU.ActiveCfg = Release|Any CPU
		{43D0C7CC-229C-4562-AE75-94E18C4BD224}.Release|Any CPU.Build.0 = Release|Any CPU
	EndGlobalSection
	GlobalSection(SolutionProperties) = preSolution
		HideSolutionNode = FALSE
	EndGlobalSection
	GlobalSection(ExtensibilityGlobals) = postSolution
		SolutionGuid = {25D1DD17-0F4A-47C8-964A-18A068BE83E5}
	EndGlobalSection
EndGlobal
